// !$*UTF8*$!
{
	archiveVersion = 1;
	classes = {
	};
	objectVersion = 56;
	objects = {

/* Begin PBXBuildFile section */
		4C66B3BC2A9D278D009EF055 /* waterControlApp.swift in Sources */ = {isa = PBXBuildFile; fileRef = 4C66B3BB2A9D278D009EF055 /* waterControlApp.swift */; };
		4C66B3BE2A9D278D009EF055 /* ContentView.swift in Sources */ = {isa = PBXBuildFile; fileRef = 4C66B3BD2A9D278D009EF055 /* ContentView.swift */; };
		4C66B3C02A9D278D009EF055 /* Assets.xcassets in Resources */ = {isa = PBXBuildFile; fileRef = 4C66B3BF2A9D278D009EF055 /* Assets.xcassets */; };
		4C66B3C32A9D278D009EF055 /* Preview Assets.xcassets in Resources */ = {isa = PBXBuildFile; fileRef = 4C66B3C22A9D278D009EF055 /* Preview Assets.xcassets */; };
		4C66B3D02A9D27F1009EF055 /* WidgetKit.framework in Frameworks */ = {isa = PBXBuildFile; fileRef = 4C66B3CF2A9D27F1009EF055 /* WidgetKit.framework */; };
		4C66B3D22A9D27F1009EF055 /* SwiftUI.framework in Frameworks */ = {isa = PBXBuildFile; fileRef = 4C66B3D12A9D27F1009EF055 /* SwiftUI.framework */; };
		4C66B3D52A9D27F1009EF055 /* waterControlWidgetBundle.swift in Sources */ = {isa = PBXBuildFile; fileRef = 4C66B3D42A9D27F1009EF055 /* waterControlWidgetBundle.swift */; };
		4C66B3D72A9D27F1009EF055 /* waterControlWidgetLiveActivity.swift in Sources */ = {isa = PBXBuildFile; fileRef = 4C66B3D62A9D27F1009EF055 /* waterControlWidgetLiveActivity.swift */; };
		4C66B3D92A9D27F1009EF055 /* waterControlWidget.swift in Sources */ = {isa = PBXBuildFile; fileRef = 4C66B3D82A9D27F1009EF055 /* waterControlWidget.swift */; };
		4C66B3DC2A9D27F2009EF055 /* Assets.xcassets in Resources */ = {isa = PBXBuildFile; fileRef = 4C66B3DB2A9D27F2009EF055 /* Assets.xcassets */; };
		4C66B3DE2A9D27F2009EF055 /* waterControlWidget.intentdefinition in Sources */ = {isa = PBXBuildFile; fileRef = 4C66B3DA2A9D27F1009EF055 /* waterControlWidget.intentdefinition */; };
		4C66B3DF2A9D27F2009EF055 /* waterControlWidget.intentdefinition in Sources */ = {isa = PBXBuildFile; fileRef = 4C66B3DA2A9D27F1009EF055 /* waterControlWidget.intentdefinition */; };
		4C66B3E22A9D27F2009EF055 /* waterControlWidgetExtension.appex in Embed Foundation Extensions */ = {isa = PBXBuildFile; fileRef = 4C66B3CD2A9D27F0009EF055 /* waterControlWidgetExtension.appex */; settings = {ATTRIBUTES = (RemoveHeadersOnCopy, ); }; };
		FD2474682AA6C32200E6B883 /* ContentView.swift in Sources */ = {isa = PBXBuildFile; fileRef = 4C66B3BD2A9D278D009EF055 /* ContentView.swift */; };
/* End PBXBuildFile section */

/* Begin PBXContainerItemProxy section */
		4C66B3E02A9D27F2009EF055 /* PBXContainerItemProxy */ = {
			isa = PBXContainerItemProxy;
			containerPortal = 4C66B3B02A9D278C009EF055 /* Project object */;
			proxyType = 1;
			remoteGlobalIDString = 4C66B3CC2A9D27F0009EF055;
			remoteInfo = waterControlWidgetExtension;
		};
/* End PBXContainerItemProxy section */

/* Begin PBXCopyFilesBuildPhase section */
		4C66B3E62A9D27F2009EF055 /* Embed Foundation Extensions */ = {
			isa = PBXCopyFilesBuildPhase;
			buildActionMask = 2147483647;
			dstPath = "";
			dstSubfolderSpec = 13;
			files = (
				4C66B3E22A9D27F2009EF055 /* waterControlWidgetExtension.appex in Embed Foundation Extensions */,
			);
			name = "Embed Foundation Extensions";
			runOnlyForDeploymentPostprocessing = 0;
		};
/* End PBXCopyFilesBuildPhase section */

/* Begin PBXFileReference section */
		4C66B3B82A9D278C009EF055 /* waterControl.app */ = {isa = PBXFileReference; explicitFileType = wrapper.application; includeInIndex = 0; path = waterControl.app; sourceTree = BUILT_PRODUCTS_DIR; };
		4C66B3BB2A9D278D009EF055 /* waterControlApp.swift */ = {isa = PBXFileReference; lastKnownFileType = sourcecode.swift; path = waterControlApp.swift; sourceTree = "<group>"; };
		4C66B3BD2A9D278D009EF055 /* ContentView.swift */ = {isa = PBXFileReference; lastKnownFileType = sourcecode.swift; path = ContentView.swift; sourceTree = "<group>"; };
		4C66B3BF2A9D278D009EF055 /* Assets.xcassets */ = {isa = PBXFileReference; lastKnownFileType = folder.assetcatalog; path = Assets.xcassets; sourceTree = "<group>"; };
		4C66B3C22A9D278D009EF055 /* Preview Assets.xcassets */ = {isa = PBXFileReference; lastKnownFileType = folder.assetcatalog; path = "Preview Assets.xcassets"; sourceTree = "<group>"; };
		4C66B3CD2A9D27F0009EF055 /* waterControlWidgetExtension.appex */ = {isa = PBXFileReference; explicitFileType = "wrapper.app-extension"; includeInIndex = 0; path = waterControlWidgetExtension.appex; sourceTree = BUILT_PRODUCTS_DIR; };
		4C66B3CF2A9D27F1009EF055 /* WidgetKit.framework */ = {isa = PBXFileReference; lastKnownFileType = wrapper.framework; name = WidgetKit.framework; path = System/Library/Frameworks/WidgetKit.framework; sourceTree = SDKROOT; };
		4C66B3D12A9D27F1009EF055 /* SwiftUI.framework */ = {isa = PBXFileReference; lastKnownFileType = wrapper.framework; name = SwiftUI.framework; path = System/Library/Frameworks/SwiftUI.framework; sourceTree = SDKROOT; };
		4C66B3D42A9D27F1009EF055 /* waterControlWidgetBundle.swift */ = {isa = PBXFileReference; lastKnownFileType = sourcecode.swift; path = waterControlWidgetBundle.swift; sourceTree = "<group>"; };
		4C66B3D62A9D27F1009EF055 /* waterControlWidgetLiveActivity.swift */ = {isa = PBXFileReference; lastKnownFileType = sourcecode.swift; path = waterControlWidgetLiveActivity.swift; sourceTree = "<group>"; };
		4C66B3D82A9D27F1009EF055 /* waterControlWidget.swift */ = {isa = PBXFileReference; lastKnownFileType = sourcecode.swift; path = waterControlWidget.swift; sourceTree = "<group>"; };
		4C66B3DA2A9D27F1009EF055 /* waterControlWidget.intentdefinition */ = {isa = PBXFileReference; lastKnownFileType = file.intentdefinition; path = waterControlWidget.intentdefinition; sourceTree = "<group>"; };
		4C66B3DB2A9D27F2009EF055 /* Assets.xcassets */ = {isa = PBXFileReference; lastKnownFileType = folder.assetcatalog; path = Assets.xcassets; sourceTree = "<group>"; };
		4C66B3DD2A9D27F2009EF055 /* Info.plist */ = {isa = PBXFileReference; lastKnownFileType = text.plist.xml; path = Info.plist; sourceTree = "<group>"; };
/* End PBXFileReference section */

/* Begin PBXFrameworksBuildPhase section */
		4C66B3B52A9D278C009EF055 /* Frameworks */ = {
			isa = PBXFrameworksBuildPhase;
			buildActionMask = 2147483647;
			files = (
			);
			runOnlyForDeploymentPostprocessing = 0;
		};
		4C66B3CA2A9D27F0009EF055 /* Frameworks */ = {
			isa = PBXFrameworksBuildPhase;
			buildActionMask = 2147483647;
			files = (
				4C66B3D22A9D27F1009EF055 /* SwiftUI.framework in Frameworks */,
				4C66B3D02A9D27F1009EF055 /* WidgetKit.framework in Frameworks */,
			);
			runOnlyForDeploymentPostprocessing = 0;
		};
/* End PBXFrameworksBuildPhase section */

/* Begin PBXGroup section */
		4C66B3AF2A9D278C009EF055 = {
			isa = PBXGroup;
			children = (
				4C66B3BA2A9D278C009EF055 /* waterControl */,
				4C66B3D32A9D27F1009EF055 /* waterControlWidget */,
				4C66B3CE2A9D27F1009EF055 /* Frameworks */,
				4C66B3B92A9D278C009EF055 /* Products */,
			);
			sourceTree = "<group>";
		};
		4C66B3B92A9D278C009EF055 /* Products */ = {
			isa = PBXGroup;
			children = (
				4C66B3B82A9D278C009EF055 /* waterControl.app */,
				4C66B3CD2A9D27F0009EF055 /* waterControlWidgetExtension.appex */,
			);
			name = Products;
			sourceTree = "<group>";
		};
		4C66B3BA2A9D278C009EF055 /* waterControl */ = {
			isa = PBXGroup;
			children = (
				4C66B3BB2A9D278D009EF055 /* waterControlApp.swift */,
				4C66B3BD2A9D278D009EF055 /* ContentView.swift */,
				4C66B3BF2A9D278D009EF055 /* Assets.xcassets */,
				4C66B3C12A9D278D009EF055 /* Preview Content */,
			);
			path = waterControl;
			sourceTree = "<group>";
		};
		4C66B3C12A9D278D009EF055 /* Preview Content */ = {
			isa = PBXGroup;
			children = (
				4C66B3C22A9D278D009EF055 /* Preview Assets.xcassets */,
			);
			path = "Preview Content";
			sourceTree = "<group>";
		};
		4C66B3CE2A9D27F1009EF055 /* Frameworks */ = {
			isa = PBXGroup;
			children = (
				4C66B3CF2A9D27F1009EF055 /* WidgetKit.framework */,
				4C66B3D12A9D27F1009EF055 /* SwiftUI.framework */,
			);
			name = Frameworks;
			sourceTree = "<group>";
		};
		4C66B3D32A9D27F1009EF055 /* waterControlWidget */ = {
			isa = PBXGroup;
			children = (
				4C66B3D42A9D27F1009EF055 /* waterControlWidgetBundle.swift */,
				4C66B3D62A9D27F1009EF055 /* waterControlWidgetLiveActivity.swift */,
				4C66B3D82A9D27F1009EF055 /* waterControlWidget.swift */,
				4C66B3DA2A9D27F1009EF055 /* waterControlWidget.intentdefinition */,
				4C66B3DB2A9D27F2009EF055 /* Assets.xcassets */,
				4C66B3DD2A9D27F2009EF055 /* Info.plist */,
			);
			path = waterControlWidget;
			sourceTree = "<group>";
		};
/* End PBXGroup section */

/* Begin PBXNativeTarget section */
		4C66B3B72A9D278C009EF055 /* waterControl */ = {
			isa = PBXNativeTarget;
			buildConfigurationList = 4C66B3C62A9D278D009EF055 /* Build configuration list for PBXNativeTarget "waterControl" */;
			buildPhases = (
				4C66B3B42A9D278C009EF055 /* Sources */,
				4C66B3B52A9D278C009EF055 /* Frameworks */,
				4C66B3B62A9D278C009EF055 /* Resources */,
				4C66B3E62A9D27F2009EF055 /* Embed Foundation Extensions */,
			);
			buildRules = (
			);
			dependencies = (
				4C66B3E12A9D27F2009EF055 /* PBXTargetDependency */,
			);
			name = waterControl;
			productName = waterControl;
			productReference = 4C66B3B82A9D278C009EF055 /* waterControl.app */;
			productType = "com.apple.product-type.application";
		};
		4C66B3CC2A9D27F0009EF055 /* waterControlWidgetExtension */ = {
			isa = PBXNativeTarget;
			buildConfigurationList = 4C66B3E32A9D27F2009EF055 /* Build configuration list for PBXNativeTarget "waterControlWidgetExtension" */;
			buildPhases = (
				4C66B3C92A9D27F0009EF055 /* Sources */,
				4C66B3CA2A9D27F0009EF055 /* Frameworks */,
				4C66B3CB2A9D27F0009EF055 /* Resources */,
			);
			buildRules = (
			);
			dependencies = (
			);
			name = waterControlWidgetExtension;
			productName = waterControlWidgetExtension;
			productReference = 4C66B3CD2A9D27F0009EF055 /* waterControlWidgetExtension.appex */;
			productType = "com.apple.product-type.app-extension";
		};
/* End PBXNativeTarget section */

/* Begin PBXProject section */
		4C66B3B02A9D278C009EF055 /* Project object */ = {
			isa = PBXProject;
			attributes = {
				BuildIndependentTargetsInParallel = 1;
				LastSwiftUpdateCheck = 1430;
				LastUpgradeCheck = 1430;
				TargetAttributes = {
					4C66B3B72A9D278C009EF055 = {
						CreatedOnToolsVersion = 14.3.1;
					};
					4C66B3CC2A9D27F0009EF055 = {
						CreatedOnToolsVersion = 14.3.1;
					};
				};
			};
			buildConfigurationList = 4C66B3B32A9D278C009EF055 /* Build configuration list for PBXProject "waterControl" */;
			compatibilityVersion = "Xcode 14.0";
			developmentRegion = en;
			hasScannedForEncodings = 0;
			knownRegions = (
				en,
				Base,
			);
			mainGroup = 4C66B3AF2A9D278C009EF055;
			productRefGroup = 4C66B3B92A9D278C009EF055 /* Products */;
			projectDirPath = "";
			projectRoot = "";
			targets = (
				4C66B3B72A9D278C009EF055 /* waterControl */,
				4C66B3CC2A9D27F0009EF055 /* waterControlWidgetExtension */,
			);
		};
/* End PBXProject section */

/* Begin PBXResourcesBuildPhase section */
		4C66B3B62A9D278C009EF055 /* Resources */ = {
			isa = PBXResourcesBuildPhase;
			buildActionMask = 2147483647;
			files = (
				4C66B3C32A9D278D009EF055 /* Preview Assets.xcassets in Resources */,
				4C66B3C02A9D278D009EF055 /* Assets.xcassets in Resources */,
			);
			runOnlyForDeploymentPostprocessing = 0;
		};
		4C66B3CB2A9D27F0009EF055 /* Resources */ = {
			isa = PBXResourcesBuildPhase;
			buildActionMask = 2147483647;
			files = (
				4C66B3DC2A9D27F2009EF055 /* Assets.xcassets in Resources */,
			);
			runOnlyForDeploymentPostprocessing = 0;
		};
/* End PBXResourcesBuildPhase section */

/* Begin PBXSourcesBuildPhase section */
		4C66B3B42A9D278C009EF055 /* Sources */ = {
			isa = PBXSourcesBuildPhase;
			buildActionMask = 2147483647;
			files = (
				4C66B3DF2A9D27F2009EF055 /* waterControlWidget.intentdefinition in Sources */,
				4C66B3BE2A9D278D009EF055 /* ContentView.swift in Sources */,
				4C66B3BC2A9D278D009EF055 /* waterControlApp.swift in Sources */,
			);
			runOnlyForDeploymentPostprocessing = 0;
		};
		4C66B3C92A9D27F0009EF055 /* Sources */ = {
			isa = PBXSourcesBuildPhase;
			buildActionMask = 2147483647;
			files = (
				4C66B3DE2A9D27F2009EF055 /* waterControlWidget.intentdefinition in Sources */,
				4C66B3D72A9D27F1009EF055 /* waterControlWidgetLiveActivity.swift in Sources */,
				FD2474682AA6C32200E6B883 /* ContentView.swift in Sources */,
				4C66B3D92A9D27F1009EF055 /* waterControlWidget.swift in Sources */,
				4C66B3D52A9D27F1009EF055 /* waterControlWidgetBundle.swift in Sources */,
			);
			runOnlyForDeploymentPostprocessing = 0;
		};
/* End PBXSourcesBuildPhase section */

/* Begin PBXTargetDependency section */
		4C66B3E12A9D27F2009EF055 /* PBXTargetDependency */ = {
			isa = PBXTargetDependency;
			target = 4C66B3CC2A9D27F0009EF055 /* waterControlWidgetExtension */;
			targetProxy = 4C66B3E02A9D27F2009EF055 /* PBXContainerItemProxy */;
		};
/* End PBXTargetDependency section */

/* Begin XCBuildConfiguration section */
		4C66B3C42A9D278D009EF055 /* Debug */ = {
			isa = XCBuildConfiguration;
			buildSettings = {
				ALWAYS_SEARCH_USER_PATHS = NO;
				CLANG_ANALYZER_NONNULL = YES;
				CLANG_ANALYZER_NUMBER_OBJECT_CONVERSION = YES_AGGRESSIVE;
				CLANG_CXX_LANGUAGE_STANDARD = "gnu++20";
				CLANG_ENABLE_MODULES = YES;
				CLANG_ENABLE_OBJC_ARC = YES;
				CLANG_ENABLE_OBJC_WEAK = YES;
				CLANG_WARN_BLOCK_CAPTURE_AUTORELEASING = YES;
				CLANG_WARN_BOOL_CONVERSION = YES;
				CLANG_WARN_COMMA = YES;
				CLANG_WARN_CONSTANT_CONVERSION = YES;
				CLANG_WARN_DEPRECATED_OBJC_IMPLEMENTATIONS = YES;
				CLANG_WARN_DIRECT_OBJC_ISA_USAGE = YES_ERROR;
				CLANG_WARN_DOCUMENTATION_COMMENTS = YES;
				CLANG_WARN_EMPTY_BODY = YES;
				CLANG_WARN_ENUM_CONVERSION = YES;
				CLANG_WARN_INFINITE_RECURSION = YES;
				CLANG_WARN_INT_CONVERSION = YES;
				CLANG_WARN_NON_LITERAL_NULL_CONVERSION = YES;
				CLANG_WARN_OBJC_IMPLICIT_RETAIN_SELF = YES;
				CLANG_WARN_OBJC_LITERAL_CONVERSION = YES;
				CLANG_WARN_OBJC_ROOT_CLASS = YES_ERROR;
				CLANG_WARN_QUOTED_INCLUDE_IN_FRAMEWORK_HEADER = YES;
				CLANG_WARN_RANGE_LOOP_ANALYSIS = YES;
				CLANG_WARN_STRICT_PROTOTYPES = YES;
				CLANG_WARN_SUSPICIOUS_MOVE = YES;
				CLANG_WARN_UNGUARDED_AVAILABILITY = YES_AGGRESSIVE;
				CLANG_WARN_UNREACHABLE_CODE = YES;
				CLANG_WARN__DUPLICATE_METHOD_MATCH = YES;
				COPY_PHASE_STRIP = NO;
				DEBUG_INFORMATION_FORMAT = dwarf;
				ENABLE_STRICT_OBJC_MSGSEND = YES;
				ENABLE_TESTABILITY = YES;
				GCC_C_LANGUAGE_STANDARD = gnu11;
				GCC_DYNAMIC_NO_PIC = NO;
				GCC_NO_COMMON_BLOCKS = YES;
				GCC_OPTIMIZATION_LEVEL = 0;
				GCC_PREPROCESSOR_DEFINITIONS = (
					"DEBUG=1",
					"$(inherited)",
				);
				GCC_WARN_64_TO_32_BIT_CONVERSION = YES;
				GCC_WARN_ABOUT_RETURN_TYPE = YES_ERROR;
				GCC_WARN_UNDECLARED_SELECTOR = YES;
				GCC_WARN_UNINITIALIZED_AUTOS = YES_AGGRESSIVE;
				GCC_WARN_UNUSED_FUNCTION = YES;
				GCC_WARN_UNUSED_VARIABLE = YES;
				IPHONEOS_DEPLOYMENT_TARGET = 16.4;
				MTL_ENABLE_DEBUG_INFO = INCLUDE_SOURCE;
				MTL_FAST_MATH = YES;
				ONLY_ACTIVE_ARCH = YES;
				SDKROOT = iphoneos;
				SWIFT_ACTIVE_COMPILATION_CONDITIONS = DEBUG;
				SWIFT_OPTIMIZATION_LEVEL = "-Onone";
			};
			name = Debug;
		};
		4C66B3C52A9D278D009EF055 /* Release */ = {
			isa = XCBuildConfiguration;
			buildSettings = {
				ALWAYS_SEARCH_USER_PATHS = NO;
				CLANG_ANALYZER_NONNULL = YES;
				CLANG_ANALYZER_NUMBER_OBJECT_CONVERSION = YES_AGGRESSIVE;
				CLANG_CXX_LANGUAGE_STANDARD = "gnu++20";
				CLANG_ENABLE_MODULES = YES;
				CLANG_ENABLE_OBJC_ARC = YES;
				CLANG_ENABLE_OBJC_WEAK = YES;
				CLANG_WARN_BLOCK_CAPTURE_AUTORELEASING = YES;
				CLANG_WARN_BOOL_CONVERSION = YES;
				CLANG_WARN_COMMA = YES;
				CLANG_WARN_CONSTANT_CONVERSION = YES;
				CLANG_WARN_DEPRECATED_OBJC_IMPLEMENTATIONS = YES;
				CLANG_WARN_DIRECT_OBJC_ISA_USAGE = YES_ERROR;
				CLANG_WARN_DOCUMENTATION_COMMENTS = YES;
				CLANG_WARN_EMPTY_BODY = YES;
				CLANG_WARN_ENUM_CONVERSION = YES;
				CLANG_WARN_INFINITE_RECURSION = YES;
				CLANG_WARN_INT_CONVERSION = YES;
				CLANG_WARN_NON_LITERAL_NULL_CONVERSION = YES;
				CLANG_WARN_OBJC_IMPLICIT_RETAIN_SELF = YES;
				CLANG_WARN_OBJC_LITERAL_CONVERSION = YES;
				CLANG_WARN_OBJC_ROOT_CLASS = YES_ERROR;
				CLANG_WARN_QUOTED_INCLUDE_IN_FRAMEWORK_HEADER = YES;
				CLANG_WARN_RANGE_LOOP_ANALYSIS = YES;
				CLANG_WARN_STRICT_PROTOTYPES = YES;
				CLANG_WARN_SUSPICIOUS_MOVE = YES;
				CLANG_WARN_UNGUARDED_AVAILABILITY = YES_AGGRESSIVE;
				CLANG_WARN_UNREACHABLE_CODE = YES;
				CLANG_WARN__DUPLICATE_METHOD_MATCH = YES;
				COPY_PHASE_STRIP = NO;
				DEBUG_INFORMATION_FORMAT = "dwarf-with-dsym";
				ENABLE_NS_ASSERTIONS = NO;
				ENABLE_STRICT_OBJC_MSGSEND = YES;
				GCC_C_LANGUAGE_STANDARD = gnu11;
				GCC_NO_COMMON_BLOCKS = YES;
				GCC_WARN_64_TO_32_BIT_CONVERSION = YES;
				GCC_WARN_ABOUT_RETURN_TYPE = YES_ERROR;
				GCC_WARN_UNDECLARED_SELECTOR = YES;
				GCC_WARN_UNINITIALIZED_AUTOS = YES_AGGRESSIVE;
				GCC_WARN_UNUSED_FUNCTION = YES;
				GCC_WARN_UNUSED_VARIABLE = YES;
				IPHONEOS_DEPLOYMENT_TARGET = 16.4;
				MTL_ENABLE_DEBUG_INFO = NO;
				MTL_FAST_MATH = YES;
				SDKROOT = iphoneos;
				SWIFT_COMPILATION_MODE = wholemodule;
				SWIFT_OPTIMIZATION_LEVEL = "-O";
				VALIDATE_PRODUCT = YES;
			};
			name = Release;
		};
		4C66B3C72A9D278D009EF055 /* Debug */ = {
			isa = XCBuildConfiguration;
			buildSettings = {
				ALWAYS_EMBED_SWIFT_STANDARD_LIBRARIES = YES;
				ASSETCATALOG_COMPILER_APPICON_NAME = AppIcon;
				ASSETCATALOG_COMPILER_GLOBAL_ACCENT_COLOR_NAME = AccentColor;
				CODE_SIGN_STYLE = Automatic;
				CURRENT_PROJECT_VERSION = 1;
				DEVELOPMENT_ASSET_PATHS = "\"waterControl/Preview Content\"";
				DEVELOPMENT_TEAM = B5C8697F65;
				ENABLE_PREVIEWS = YES;
				GENERATE_INFOPLIST_FILE = YES;
				INFOPLIST_KEY_UIApplicationSceneManifest_Generation = YES;
				INFOPLIST_KEY_UIApplicationSupportsIndirectInputEvents = YES;
				INFOPLIST_KEY_UILaunchScreen_Generation = YES;
				INFOPLIST_KEY_UISupportedInterfaceOrientations_iPad = "UIInterfaceOrientationPortrait UIInterfaceOrientationPortraitUpsideDown UIInterfaceOrientationLandscapeLeft UIInterfaceOrientationLandscapeRight";
				INFOPLIST_KEY_UISupportedInterfaceOrientations_iPhone = "UIInterfaceOrientationPortrait UIInterfaceOrientationLandscapeLeft UIInterfaceOrientationLandscapeRight";
				LD_RUNPATH_SEARCH_PATHS = (
					"$(inherited)",
					"@executable_path/Frameworks",
				);
				MARKETING_VERSION = 1.0;
				PRODUCT_BUNDLE_IDENTIFIER = "Maria-Lui-sa-Souto.waterControl";
				PRODUCT_NAME = "$(TARGET_NAME)";
				SWIFT_EMIT_LOC_STRINGS = YES;
				SWIFT_VERSION = 5.0;
				TARGETED_DEVICE_FAMILY = "1,2";
			};
			name = Debug;
		};
		4C66B3C82A9D278D009EF055 /* Release */ = {
			isa = XCBuildConfiguration;
			buildSettings = {
				ALWAYS_EMBED_SWIFT_STANDARD_LIBRARIES = YES;
				ASSETCATALOG_COMPILER_APPICON_NAME = AppIcon;
				ASSETCATALOG_COMPILER_GLOBAL_ACCENT_COLOR_NAME = AccentColor;
				CODE_SIGN_STYLE = Automatic;
				CURRENT_PROJECT_VERSION = 1;
				DEVELOPMENT_ASSET_PATHS = "\"waterControl/Preview Content\"";
				DEVELOPMENT_TEAM = B5C8697F65;
				ENABLE_PREVIEWS = YES;
				GENERATE_INFOPLIST_FILE = YES;
				INFOPLIST_KEY_UIApplicationSceneManifest_Generation = YES;
				INFOPLIST_KEY_UIApplicationSupportsIndirectInputEvents = YES;
				INFOPLIST_KEY_UILaunchScreen_Generation = YES;
				INFOPLIST_KEY_UISupportedInterfaceOrientations_iPad = "UIInterfaceOrientationPortrait UIInterfaceOrientationPortraitUpsideDown UIInterfaceOrientationLandscapeLeft UIInterfaceOrientationLandscapeRight";
				INFOPLIST_KEY_UISupportedInterfaceOrientations_iPhone = "UIInterfaceOrientationPortrait UIInterfaceOrientationLandscapeLeft UIInterfaceOrientationLandscapeRight";
				LD_RUNPATH_SEARCH_PATHS = (
					"$(inherited)",
					"@executable_path/Frameworks",
				);
				MARKETING_VERSION = 1.0;
				PRODUCT_BUNDLE_IDENTIFIER = "Maria-Lui-sa-Souto.waterControl";
				PRODUCT_NAME = "$(TARGET_NAME)";
				SWIFT_EMIT_LOC_STRINGS = YES;
				SWIFT_VERSION = 5.0;
				TARGETED_DEVICE_FAMILY = "1,2";
			};
			name = Release;
		};
		4C66B3E42A9D27F2009EF055 /* Debug */ = {
			isa = XCBuildConfiguration;
			buildSettings = {
				ASSETCATALOG_COMPILER_GLOBAL_ACCENT_COLOR_NAME = AccentColor;
				ASSETCATALOG_COMPILER_WIDGET_BACKGROUND_COLOR_NAME = WidgetBackground;
				CODE_SIGN_STYLE = Automatic;
				CURRENT_PROJECT_VERSION = 1;
				DEVELOPMENT_TEAM = B5C8697F65;
				GENERATE_INFOPLIST_FILE = YES;
				INFOPLIST_FILE = waterControlWidget/Info.plist;
				INFOPLIST_KEY_CFBundleDisplayName = waterControlWidget;
				INFOPLIST_KEY_NSHumanReadableCopyright = "";
				LD_RUNPATH_SEARCH_PATHS = (
					"$(inherited)",
					"@executable_path/Frameworks",
					"@executable_path/../../Frameworks",
				);
				MARKETING_VERSION = 1.0;
				PRODUCT_BUNDLE_IDENTIFIER = "Maria-Lui-sa-Souto.waterControl.waterControlWidget";
				PRODUCT_NAME = "$(TARGET_NAME)";
				SKIP_INSTALL = YES;
				SWIFT_EMIT_LOC_STRINGS = YES;
				SWIFT_VERSION = 5.0;
				TARGETED_DEVICE_FAMILY = "1,2";
			};
			name = Debug;
		};
		4C66B3E52A9D27F2009EF055 /* Release */ = {
			isa = XCBuildConfiguration;
			buildSettings = {
				ASSETCATALOG_COMPILER_GLOBAL_ACCENT_COLOR_NAME = AccentColor;
				ASSETCATALOG_COMPILER_WIDGET_BACKGROUND_COLOR_NAME = WidgetBackground;
				CODE_SIGN_STYLE = Automatic;
				CURRENT_PROJECT_VERSION = 1;
				DEVELOPMENT_TEAM = B5C8697F65;
				GENERATE_INFOPLIST_FILE = YES;
				INFOPLIST_FILE = waterControlWidget/Info.plist;
				INFOPLIST_KEY_CFBundleDisplayName = waterControlWidget;
				INFOPLIST_KEY_NSHumanReadableCopyright = "";
				LD_RUNPATH_SEARCH_PATHS = (
					"$(inherited)",
					"@executable_path/Frameworks",
					"@executable_path/../../Frameworks",
				);
				MARKETING_VERSION = 1.0;
				PRODUCT_BUNDLE_IDENTIFIER = "Maria-Lui-sa-Souto.waterControl.waterControlWidget";
				PRODUCT_NAME = "$(TARGET_NAME)";
				SKIP_INSTALL = YES;
				SWIFT_EMIT_LOC_STRINGS = YES;
				SWIFT_VERSION = 5.0;
				TARGETED_DEVICE_FAMILY = "1,2";
			};
			name = Release;
		};
/* End XCBuildConfiguration section */

/* Begin XCConfigurationList section */
		4C66B3B32A9D278C009EF055 /* Build configuration list for PBXProject "waterControl" */ = {
			isa = XCConfigurationList;
			buildConfigurations = (
				4C66B3C42A9D278D009EF055 /* Debug */,
				4C66B3C52A9D278D009EF055 /* Release */,
			);
			defaultConfigurationIsVisible = 0;
			defaultConfigurationName = Release;
		};
		4C66B3C62A9D278D009EF055 /* Build configuration list for PBXNativeTarget "waterControl" */ = {
			isa = XCConfigurationList;
			buildConfigurations = (
				4C66B3C72A9D278D009EF055 /* Debug */,
				4C66B3C82A9D278D009EF055 /* Release */,
			);
			defaultConfigurationIsVisible = 0;
			defaultConfigurationName = Release;
		};
		4C66B3E32A9D27F2009EF055 /* Build configuration list for PBXNativeTarget "waterControlWidgetExtension" */ = {
			isa = XCConfigurationList;
			buildConfigurations = (
				4C66B3E42A9D27F2009EF055 /* Debug */,
				4C66B3E52A9D27F2009EF055 /* Release */,
			);
			defaultConfigurationIsVisible = 0;
			defaultConfigurationName = Release;
		};
/* End XCConfigurationList section */
	};
	rootObject = 4C66B3B02A9D278C009EF055 /* Project object */;
}
